
Microsoft Visual Studio Solution File, Format Version 12.00
# Visual Studio 15
VisualStudioVersion = 15.0.27130.2036
MinimumVisualStudioVersion = 10.0.40219.1
Project("{FAE04EC0-301F-11D3-BF4B-00C04F79EFBC}") = "Wuerstelstand_Simulator.Android", "Wuerstelstand_Simulator\Wuerstelstand_Simulator.Android\Wuerstelstand_Simulator.Android.csproj", "{4F071E63-9DD2-470E-B3FA-A8F79A9BB3E3}"
EndProject
Project("{FAE04EC0-301F-11D3-BF4B-00C04F79EFBC}") = "Wuerstelstand_Simulator.iOS", "Wuerstelstand_Simulator\Wuerstelstand_Simulator.iOS\Wuerstelstand_Simulator.iOS.csproj", "{15F56A7A-F195-4BCF-8640-0603C818CD11}"
EndProject
Project("{FAE04EC0-301F-11D3-BF4B-00C04F79EFBC}") = "Wuerstelstand_Simulator.UWP", "Wuerstelstand_Simulator\Wuerstelstand_Simulator.UWP\Wuerstelstand_Simulator.UWP.csproj", "{13935A0D-68DF-4844-A00C-D771A9D8A6C9}"
EndProject
Project("{D954291E-2A0B-460D-934E-DC6B0785DB48}") = "Wuerstelstand_Simulator", "Wuerstelstand_Simulator\Wuerstelstand_Simulator\Wuerstelstand_Simulator.shproj", "{6107C973-51D8-47AB-BE6F-15BC294667E7}"
EndProject
Global
	GlobalSection(SharedMSBuildProjectFiles) = preSolution
		Wuerstelstand_Simulator\Wuerstelstand_Simulator\Wuerstelstand_Simulator.projitems*{13935a0d-68df-4844-a00c-d771a9d8a6c9}*SharedItemsImports = 4
		Wuerstelstand_Simulator\Wuerstelstand_Simulator\Wuerstelstand_Simulator.projitems*{15f56a7a-f195-4bcf-8640-0603c818cd11}*SharedItemsImports = 4
		Wuerstelstand_Simulator\Wuerstelstand_Simulator\Wuerstelstand_Simulator.projitems*{4f071e63-9dd2-470e-b3fa-a8f79a9bb3e3}*SharedItemsImports = 4
		Wuerstelstand_Simulator\Wuerstelstand_Simulator\Wuerstelstand_Simulator.projitems*{6107c973-51d8-47ab-be6f-15bc294667e7}*SharedItemsImports = 13
	EndGlobalSection
	GlobalSection(SolutionConfigurationPlatforms) = preSolution
		Ad-Hoc|Any CPU = Ad-Hoc|Any CPU
		Ad-Hoc|ARM = Ad-Hoc|ARM
		Ad-Hoc|iPhone = Ad-Hoc|iPhone
		Ad-Hoc|iPhoneSimulator = Ad-Hoc|iPhoneSimulator
		Ad-Hoc|x64 = Ad-Hoc|x64
		Ad-Hoc|x86 = Ad-Hoc|x86
		AppStore|Any CPU = AppStore|Any CPU
		AppStore|ARM = AppStore|ARM
		AppStore|iPhone = AppStore|iPhone
		AppStore|iPhoneSimulator = AppStore|iPhoneSimulator
		AppStore|x64 = AppStore|x64
		AppStore|x86 = AppStore|x86
		Debug|Any CPU = Debug|Any CPU
		Debug|ARM = Debug|ARM
		Debug|iPhone = Debug|iPhone
		Debug|iPhoneSimulator = Debug|iPhoneSimulator
		Debug|x64 = Debug|x64
		Debug|x86 = Debug|x86
		Release|Any CPU = Release|Any CPU
		Release|ARM = Release|ARM
		Release|iPhone = Release|iPhone
		Release|iPhoneSimulator = Release|iPhoneSimulator
		Release|x64 = Release|x64
		Release|x86 = Release|x86
	EndGlobalSection
	GlobalSection(ProjectConfigurationPlatforms) = postSolution
		{4F071E63-9DD2-470E-B3FA-A8F79A9BB3E3}.Ad-Hoc|Any CPU.ActiveCfg = Release|Any CPU
		{4F071E63-9DD2-470E-B3FA-A8F79A9BB3E3}.Ad-Hoc|Any CPU.Build.0 = Release|Any CPU
		{4F071E63-9DD2-470E-B3FA-A8F79A9BB3E3}.Ad-Hoc|Any CPU.Deploy.0 = Release|Any CPU
		{4F071E63-9DD2-470E-B3FA-A8F79A9BB3E3}.Ad-Hoc|ARM.ActiveCfg = Release|Any CPU
		{4F071E63-9DD2-470E-B3FA-A8F79A9BB3E3}.Ad-Hoc|ARM.Build.0 = Release|Any CPU
		{4F071E63-9DD2-470E-B3FA-A8F79A9BB3E3}.Ad-Hoc|ARM.Deploy.0 = Release|Any CPU
		{4F071E63-9DD2-470E-B3FA-A8F79A9BB3E3}.Ad-Hoc|iPhone.ActiveCfg = Release|Any CPU
		{4F071E63-9DD2-470E-B3FA-A8F79A9BB3E3}.Ad-Hoc|iPhone.Build.0 = Release|Any CPU
		{4F071E63-9DD2-470E-B3FA-A8F79A9BB3E3}.Ad-Hoc|iPhone.Deploy.0 = Release|Any CPU
		{4F071E63-9DD2-470E-B3FA-A8F79A9BB3E3}.Ad-Hoc|iPhoneSimulator.ActiveCfg = Release|Any CPU
		{4F071E63-9DD2-470E-B3FA-A8F79A9BB3E3}.Ad-Hoc|iPhoneSimulator.Build.0 = Release|Any CPU
		{4F071E63-9DD2-470E-B3FA-A8F79A9BB3E3}.Ad-Hoc|iPhoneSimulator.Deploy.0 = Release|Any CPU
		{4F071E63-9DD2-470E-B3FA-A8F79A9BB3E3}.Ad-Hoc|x64.ActiveCfg = Release|Any CPU
		{4F071E63-9DD2-470E-B3FA-A8F79A9BB3E3}.Ad-Hoc|x64.Build.0 = Release|Any CPU
		{4F071E63-9DD2-470E-B3FA-A8F79A9BB3E3}.Ad-Hoc|x64.Deploy.0 = Release|Any CPU
		{4F071E63-9DD2-470E-B3FA-A8F79A9BB3E3}.Ad-Hoc|x86.ActiveCfg = Release|Any CPU
		{4F071E63-9DD2-470E-B3FA-A8F79A9BB3E3}.Ad-Hoc|x86.Build.0 = Release|Any CPU
		{4F071E63-9DD2-470E-B3FA-A8F79A9BB3E3}.Ad-Hoc|x86.Deploy.0 = Release|Any CPU
		{4F071E63-9DD2-470E-B3FA-A8F79A9BB3E3}.AppStore|Any CPU.ActiveCfg = Release|Any CPU
		{4F071E63-9DD2-470E-B3FA-A8F79A9BB3E3}.AppStore|Any CPU.Build.0 = Release|Any CPU
		{4F071E63-9DD2-470E-B3FA-A8F79A9BB3E3}.AppStore|Any CPU.Deploy.0 = Release|Any CPU
		{4F071E63-9DD2-470E-B3FA-A8F79A9BB3E3}.AppStore|ARM.ActiveCfg = Release|Any CPU
		{4F071E63-9DD2-470E-B3FA-A8F79A9BB3E3}.AppStore|ARM.Build.0 = Release|Any CPU
		{4F071E63-9DD2-470E-B3FA-A8F79A9BB3E3}.AppStore|ARM.Deploy.0 = Release|Any CPU
		{4F071E63-9DD2-470E-B3FA-A8F79A9BB3E3}.AppStore|iPhone.ActiveCfg = Release|Any CPU
		{4F071E63-9DD2-470E-B3FA-A8F79A9BB3E3}.AppStore|iPhone.Build.0 = Release|Any CPU
		{4F071E63-9DD2-470E-B3FA-A8F79A9BB3E3}.AppStore|iPhone.Deploy.0 = Release|Any CPU
		{4F071E63-9DD2-470E-B3FA-A8F79A9BB3E3}.AppStore|iPhoneSimulator.ActiveCfg = Release|Any CPU
		{4F071E63-9DD2-470E-B3FA-A8F79A9BB3E3}.AppStore|iPhoneSimulator.Build.0 = Release|Any CPU
		{4F071E63-9DD2-470E-B3FA-A8F79A9BB3E3}.AppStore|iPhoneSimulator.Deploy.0 = Release|Any CPU
		{4F071E63-9DD2-470E-B3FA-A8F79A9BB3E3}.AppStore|x64.ActiveCfg = Release|Any CPU
		{4F071E63-9DD2-470E-B3FA-A8F79A9BB3E3}.AppStore|x64.Build.0 = Release|Any CPU
		{4F071E63-9DD2-470E-B3FA-A8F79A9BB3E3}.AppStore|x64.Deploy.0 = Release|Any CPU
		{4F071E63-9DD2-470E-B3FA-A8F79A9BB3E3}.AppStore|x86.ActiveCfg = Release|Any CPU
		{4F071E63-9DD2-470E-B3FA-A8F79A9BB3E3}.AppStore|x86.Build.0 = Release|Any CPU
		{4F071E63-9DD2-470E-B3FA-A8F79A9BB3E3}.AppStore|x86.Deploy.0 = Release|Any CPU
		{4F071E63-9DD2-470E-B3FA-A8F79A9BB3E3}.Debug|Any CPU.ActiveCfg = Debug|Any CPU
		{4F071E63-9DD2-470E-B3FA-A8F79A9BB3E3}.Debug|Any CPU.Build.0 = Debug|Any CPU
		{4F071E63-9DD2-470E-B3FA-A8F79A9BB3E3}.Debug|Any CPU.Deploy.0 = Debug|Any CPU
		{4F071E63-9DD2-470E-B3FA-A8F79A9BB3E3}.Debug|ARM.ActiveCfg = Debug|Any CPU
		{4F071E63-9DD2-470E-B3FA-A8F79A9BB3E3}.Debug|ARM.Build.0 = Debug|Any CPU
		{4F071E63-9DD2-470E-B3FA-A8F79A9BB3E3}.Debug|ARM.Deploy.0 = Debug|Any CPU
		{4F071E63-9DD2-470E-B3FA-A8F79A9BB3E3}.Debug|iPhone.ActiveCfg = Debug|Any CPU
		{4F071E63-9DD2-470E-B3FA-A8F79A9BB3E3}.Debug|iPhone.Build.0 = Debug|Any CPU
		{4F071E63-9DD2-470E-B3FA-A8F79A9BB3E3}.Debug|iPhone.Deploy.0 = Debug|Any CPU
		{4F071E63-9DD2-470E-B3FA-A8F79A9BB3E3}.Debug|iPhoneSimulator.ActiveCfg = Debug|Any CPU
		{4F071E63-9DD2-470E-B3FA-A8F79A9BB3E3}.Debug|iPhoneSimulator.Build.0 = Debug|Any CPU
		{4F071E63-9DD2-470E-B3FA-A8F79A9BB3E3}.Debug|iPhoneSimulator.Deploy.0 = Debug|Any CPU
		{4F071E63-9DD2-470E-B3FA-A8F79A9BB3E3}.Debug|x64.ActiveCfg = Debug|Any CPU
		{4F071E63-9DD2-470E-B3FA-A8F79A9BB3E3}.Debug|x64.Build.0 = Debug|Any CPU
		{4F071E63-9DD2-470E-B3FA-A8F79A9BB3E3}.Debug|x64.Deploy.0 = Debug|Any CPU
		{4F071E63-9DD2-470E-B3FA-A8F79A9BB3E3}.Debug|x86.ActiveCfg = Debug|Any CPU
		{4F071E63-9DD2-470E-B3FA-A8F79A9BB3E3}.Debug|x86.Build.0 = Debug|Any CPU
		{4F071E63-9DD2-470E-B3FA-A8F79A9BB3E3}.Debug|x86.Deploy.0 = Debug|Any CPU
		{4F071E63-9DD2-470E-B3FA-A8F79A9BB3E3}.Release|Any CPU.ActiveCfg = Release|Any CPU
		{4F071E63-9DD2-470E-B3FA-A8F79A9BB3E3}.Release|Any CPU.Build.0 = Release|Any CPU
		{4F071E63-9DD2-470E-B3FA-A8F79A9BB3E3}.Release|Any CPU.Deploy.0 = Release|Any CPU
		{4F071E63-9DD2-470E-B3FA-A8F79A9BB3E3}.Release|ARM.ActiveCfg = Release|Any CPU
		{4F071E63-9DD2-470E-B3FA-A8F79A9BB3E3}.Release|ARM.Build.0 = Release|Any CPU
		{4F071E63-9DD2-470E-B3FA-A8F79A9BB3E3}.Release|ARM.Deploy.0 = Release|Any CPU
		{4F071E63-9DD2-470E-B3FA-A8F79A9BB3E3}.Release|iPhone.ActiveCfg = Release|Any CPU
		{4F071E63-9DD2-470E-B3FA-A8F79A9BB3E3}.Release|iPhone.Build.0 = Release|Any CPU
		{4F071E63-9DD2-470E-B3FA-A8F79A9BB3E3}.Release|iPhone.Deploy.0 = Release|Any CPU
		{4F071E63-9DD2-470E-B3FA-A8F79A9BB3E3}.Release|iPhoneSimulator.ActiveCfg = Release|Any CPU
		{4F071E63-9DD2-470E-B3FA-A8F79A9BB3E3}.Release|iPhoneSimulator.Build.0 = Release|Any CPU
		{4F071E63-9DD2-470E-B3FA-A8F79A9BB3E3}.Release|iPhoneSimulator.Deploy.0 = Release|Any CPU
		{4F071E63-9DD2-470E-B3FA-A8F79A9BB3E3}.Release|x64.ActiveCfg = Release|Any CPU
		{4F071E63-9DD2-470E-B3FA-A8F79A9BB3E3}.Release|x64.Build.0 = Release|Any CPU
		{4F071E63-9DD2-470E-B3FA-A8F79A9BB3E3}.Release|x64.Deploy.0 = Release|Any CPU
		{4F071E63-9DD2-470E-B3FA-A8F79A9BB3E3}.Release|x86.ActiveCfg = Release|Any CPU
		{4F071E63-9DD2-470E-B3FA-A8F79A9BB3E3}.Release|x86.Build.0 = Release|Any CPU
		{4F071E63-9DD2-470E-B3FA-A8F79A9BB3E3}.Release|x86.Deploy.0 = Release|Any CPU
		{15F56A7A-F195-4BCF-8640-0603C818CD11}.Ad-Hoc|Any CPU.ActiveCfg = Ad-Hoc|iPhone
		{15F56A7A-F195-4BCF-8640-0603C818CD11}.Ad-Hoc|ARM.ActiveCfg = Ad-Hoc|iPhone
		{15F56A7A-F195-4BCF-8640-0603C818CD11}.Ad-Hoc|iPhone.ActiveCfg = Ad-Hoc|iPhone
		{15F56A7A-F195-4BCF-8640-0603C818CD11}.Ad-Hoc|iPhone.Build.0 = Ad-Hoc|iPhone
		{15F56A7A-F195-4BCF-8640-0603C818CD11}.Ad-Hoc|iPhoneSimulator.ActiveCfg = Ad-Hoc|iPhoneSimulator
		{15F56A7A-F195-4BCF-8640-0603C818CD11}.Ad-Hoc|iPhoneSimulator.Build.0 = Ad-Hoc|iPhoneSimulator
		{15F56A7A-F195-4BCF-8640-0603C818CD11}.Ad-Hoc|x64.ActiveCfg = Ad-Hoc|iPhone
		{15F56A7A-F195-4BCF-8640-0603C818CD11}.Ad-Hoc|x86.ActiveCfg = Ad-Hoc|iPhone
		{15F56A7A-F195-4BCF-8640-0603C818CD11}.AppStore|Any CPU.ActiveCfg = AppStore|iPhone
		{15F56A7A-F195-4BCF-8640-0603C818CD11}.AppStore|ARM.ActiveCfg = AppStore|iPhone
		{15F56A7A-F195-4BCF-8640-0603C818CD11}.AppStore|iPhone.ActiveCfg = AppStore|iPhone
		{15F56A7A-F195-4BCF-8640-0603C818CD11}.AppStore|iPhone.Build.0 = AppStore|iPhone
		{15F56A7A-F195-4BCF-8640-0603C818CD11}.AppStore|iPhoneSimulator.ActiveCfg = AppStore|iPhoneSimulator
		{15F56A7A-F195-4BCF-8640-0603C818CD11}.AppStore|iPhoneSimulator.Build.0 = AppStore|iPhoneSimulator
		{15F56A7A-F195-4BCF-8640-0603C818CD11}.AppStore|x64.ActiveCfg = AppStore|iPhone
		{15F56A7A-F195-4BCF-8640-0603C818CD11}.AppStore|x86.ActiveCfg = AppStore|iPhone
		{15F56A7A-F195-4BCF-8640-0603C818CD11}.Debug|Any CPU.ActiveCfg = Debug|iPhone
		{15F56A7A-F195-4BCF-8640-0603C818CD11}.Debug|ARM.ActiveCfg = Debug|iPhone
		{15F56A7A-F195-4BCF-8640-0603C818CD11}.Debug|iPhone.ActiveCfg = Debug|iPhone
		{15F56A7A-F195-4BCF-8640-0603C818CD11}.Debug|iPhone.Build.0 = Debug|iPhone
		{15F56A7A-F195-4BCF-8640-0603C818CD11}.Debug|iPhoneSimulator.ActiveCfg = Debug|iPhoneSimulator
		{15F56A7A-F195-4BCF-8640-0603C818CD11}.Debug|iPhoneSimulator.Build.0 = Debug|iPhoneSimulator
		{15F56A7A-F195-4BCF-8640-0603C818CD11}.Debug|x64.ActiveCfg = Debug|iPhone
		{15F56A7A-F195-4BCF-8640-0603C818CD11}.Debug|x86.ActiveCfg = Debug|iPhone
		{15F56A7A-F195-4BCF-8640-0603C818CD11}.Release|Any CPU.ActiveCfg = Release|iPhone
		{15F56A7A-F195-4BCF-8640-0603C818CD11}.Release|ARM.ActiveCfg = Release|iPhone
		{15F56A7A-F195-4BCF-8640-0603C818CD11}.Release|iPhone.ActiveCfg = Release|iPhone
		{15F56A7A-F195-4BCF-8640-0603C818CD11}.Release|iPhone.Build.0 = Release|iPhone
		{15F56A7A-F195-4BCF-8640-0603C818CD11}.Release|iPhoneSimulator.ActiveCfg = Release|iPhoneSimulator
		{15F56A7A-F195-4BCF-8640-0603C818CD11}.Release|iPhoneSimulator.Build.0 = Release|iPhoneSimulator
		{15F56A7A-F195-4BCF-8640-0603C818CD11}.Release|x64.ActiveCfg = Release|iPhone
		{15F56A7A-F195-4BCF-8640-0603C818CD11}.Release|x86.ActiveCfg = Release|iPhone
		{13935A0D-68DF-4844-A00C-D771A9D8A6C9}.Ad-Hoc|Any CPU.ActiveCfg = Release|x86
		{13935A0D-68DF-4844-A00C-D771A9D8A6C9}.Ad-Hoc|Any CPU.Build.0 = Release|x86
		{13935A0D-68DF-4844-A00C-D771A9D8A6C9}.Ad-Hoc|Any CPU.Deploy.0 = Release|x86
		{13935A0D-68DF-4844-A00C-D771A9D8A6C9}.Ad-Hoc|ARM.ActiveCfg = Release|ARM
		{13935A0D-68DF-4844-A00C-D771A9D8A6C9}.Ad-Hoc|ARM.Build.0 = Release|ARM
		{13935A0D-68DF-4844-A00C-D771A9D8A6C9}.Ad-Hoc|ARM.Deploy.0 = Release|ARM
		{13935A0D-68DF-4844-A00C-D771A9D8A6C9}.Ad-Hoc|iPhone.ActiveCfg = Release|x86
		{13935A0D-68DF-4844-A00C-D771A9D8A6C9}.Ad-Hoc|iPhone.Build.0 = Release|x86
		{13935A0D-68DF-4844-A00C-D771A9D8A6C9}.Ad-Hoc|iPhone.Deploy.0 = Release|x86
		{13935A0D-68DF-4844-A00C-D771A9D8A6C9}.Ad-Hoc|iPhoneSimulator.ActiveCfg = Release|x86
		{13935A0D-68DF-4844-A00C-D771A9D8A6C9}.Ad-Hoc|iPhoneSimulator.Build.0 = Release|x86
		{13935A0D-68DF-4844-A00C-D771A9D8A6C9}.Ad-Hoc|iPhoneSimulator.Deploy.0 = Release|x86
		{13935A0D-68DF-4844-A00C-D771A9D8A6C9}.Ad-Hoc|x64.ActiveCfg = Release|x64
		{13935A0D-68DF-4844-A00C-D771A9D8A6C9}.Ad-Hoc|x64.Build.0 = Release|x64
		{13935A0D-68DF-4844-A00C-D771A9D8A6C9}.Ad-Hoc|x64.Deploy.0 = Release|x64
		{13935A0D-68DF-4844-A00C-D771A9D8A6C9}.Ad-Hoc|x86.ActiveCfg = Release|x86
		{13935A0D-68DF-4844-A00C-D771A9D8A6C9}.Ad-Hoc|x86.Build.0 = Release|x86
		{13935A0D-68DF-4844-A00C-D771A9D8A6C9}.Ad-Hoc|x86.Deploy.0 = Release|x86
		{13935A0D-68DF-4844-A00C-D771A9D8A6C9}.AppStore|Any CPU.ActiveCfg = Release|x86
		{13935A0D-68DF-4844-A00C-D771A9D8A6C9}.AppStore|Any CPU.Build.0 = Release|x86
		{13935A0D-68DF-4844-A00C-D771A9D8A6C9}.AppStore|Any CPU.Deploy.0 = Release|x86
		{13935A0D-68DF-4844-A00C-D771A9D8A6C9}.AppStore|ARM.ActiveCfg = Release|ARM
		{13935A0D-68DF-4844-A00C-D771A9D8A6C9}.AppStore|ARM.Build.0 = Release|ARM
		{13935A0D-68DF-4844-A00C-D771A9D8A6C9}.AppStore|ARM.Deploy.0 = Release|ARM
		{13935A0D-68DF-4844-A00C-D771A9D8A6C9}.AppStore|iPhone.ActiveCfg = Release|x86
		{13935A0D-68DF-4844-A00C-D771A9D8A6C9}.AppStore|iPhone.Build.0 = Release|x86
		{13935A0D-68DF-4844-A00C-D771A9D8A6C9}.AppStore|iPhone.Deploy.0 = Release|x86
		{13935A0D-68DF-4844-A00C-D771A9D8A6C9}.AppStore|iPhoneSimulator.ActiveCfg = Release|x86
		{13935A0D-68DF-4844-A00C-D771A9D8A6C9}.AppStore|iPhoneSimulator.Build.0 = Release|x86
		{13935A0D-68DF-4844-A00C-D771A9D8A6C9}.AppStore|iPhoneSimulator.Deploy.0 = Release|x86
		{13935A0D-68DF-4844-A00C-D771A9D8A6C9}.AppStore|x64.ActiveCfg = Release|x64
		{13935A0D-68DF-4844-A00C-D771A9D8A6C9}.AppStore|x64.Build.0 = Release|x64
		{13935A0D-68DF-4844-A00C-D771A9D8A6C9}.AppStore|x64.Deploy.0 = Release|x64
		{13935A0D-68DF-4844-A00C-D771A9D8A6C9}.AppStore|x86.ActiveCfg = Release|x86
		{13935A0D-68DF-4844-A00C-D771A9D8A6C9}.AppStore|x86.Build.0 = Release|x86
		{13935A0D-68DF-4844-A00C-D771A9D8A6C9}.AppStore|x86.Deploy.0 = Release|x86
		{13935A0D-68DF-4844-A00C-D771A9D8A6C9}.Debug|Any CPU.ActiveCfg = Debug|x86
		{13935A0D-68DF-4844-A00C-D771A9D8A6C9}.Debug|ARM.ActiveCfg = Debug|ARM
		{13935A0D-68DF-4844-A00C-D771A9D8A6C9}.Debug|ARM.Build.0 = Debug|ARM
		{13935A0D-68DF-4844-A00C-D771A9D8A6C9}.Debug|ARM.Deploy.0 = Debug|ARM
		{13935A0D-68DF-4844-A00C-D771A9D8A6C9}.Debug|iPhone.ActiveCfg = Debug|x86
		{13935A0D-68DF-4844-A00C-D771A9D8A6C9}.Debug|iPhoneSimulator.ActiveCfg = Debug|x86
		{13935A0D-68DF-4844-A00C-D771A9D8A6C9}.Debug|x64.ActiveCfg = Debug|x64
		{13935A0D-68DF-4844-A00C-D771A9D8A6C9}.Debug|x64.Build.0 = Debug|x64
		{13935A0D-68DF-4844-A00C-D771A9D8A6C9}.Debug|x64.Deploy.0 = Debug|x64
		{13935A0D-68DF-4844-A00C-D771A9D8A6C9}.Debug|x86.ActiveCfg = Debug|x86
		{13935A0D-68DF-4844-A00C-D771A9D8A6C9}.Debug|x86.Build.0 = Debug|x86
		{13935A0D-68DF-4844-A00C-D771A9D8A6C9}.Debug|x86.Deploy.0 = Debug|x86
		{13935A0D-68DF-4844-A00C-D771A9D8A6C9}.Release|Any CPU.ActiveCfg = Release|x86
		{13935A0D-68DF-4844-A00C-D771A9D8A6C9}.Release|ARM.ActiveCfg = Release|ARM
		{13935A0D-68DF-4844-A00C-D771A9D8A6C9}.Release|ARM.Build.0 = Release|ARM
		{13935A0D-68DF-4844-A00C-D771A9D8A6C9}.Release|ARM.Deploy.0 = Release|ARM
		{13935A0D-68DF-4844-A00C-D771A9D8A6C9}.Release|iPhone.ActiveCfg = Release|x86
		{13935A0D-68DF-4844-A00C-D771A9D8A6C9}.Release|iPhoneSimulator.ActiveCfg = Release|x86
		{13935A0D-68DF-4844-A00C-D771A9D8A6C9}.Release|x64.ActiveCfg = Release|x64
		{13935A0D-68DF-4844-A00C-D771A9D8A6C9}.Release|x64.Build.0 = Release|x64
		{13935A0D-68DF-4844-A00C-D771A9D8A6C9}.Release|x64.Deploy.0 = Release|x64
		{13935A0D-68DF-4844-A00C-D771A9D8A6C9}.Release|x86.ActiveCfg = Release|x86
		{13935A0D-68DF-4844-A00C-D771A9D8A6C9}.Release|x86.Build.0 = Release|x86
		{13935A0D-68DF-4844-A00C-D771A9D8A6C9}.Release|x86.Deploy.0 = Release|x86
	EndGlobalSection
	GlobalSection(SolutionProperties) = preSolution
		HideSolutionNode = FALSE
	EndGlobalSection
	GlobalSection(ExtensibilityGlobals) = postSolution
		SolutionGuid = {AE45AB4C-15D3-4ABA-B44B-436D204F372C}
	EndGlobalSection
EndGlobal
